Microsoft Visual Studio Solution File, Format Version 12.00
# Visual Studio Version 17
VisualStudioVersion = 17.5.2.0
MinimumVisualStudioVersion = 10.0.40219.1
Project("{2150E333-8FDC-42A3-9474-1A3956D46DE8}") = "Sistem-Vet-San-Miguel", "Sistem-Vet-San-Miguel", "{BB01CBA9-781C-8D49-BB2E-E616AA8ED32F}"
EndProject
Project("{FAE04EC0-301F-11D3-BF4B-00C04F79EFBC}") = "SisVetSanMiguel", "Sistem-Vet-San-Miguel\SisVetSanMiguel\SisVetSanMiguel.csproj", "{D2A1D299-C588-12E5-FD6B-BE879AB7175C}"
EndProject
Global
	GlobalSection(SolutionConfigurationPlatforms) = preSolution
		Debug|Any CPU = Debug|Any CPU
		Release|Any CPU = Release|Any CPU
	EndGlobalSection
	GlobalSection(ProjectConfigurationPlatforms) = postSolution
		{D2A1D299-C588-12E5-FD6B-BE879AB7175C}.Debug|Any CPU.ActiveCfg = Debug|Any CPU
		{D2A1D299-C588-12E5-FD6B-BE879AB7175C}.Debug|Any CPU.Build.0 = Debug|Any CPU
		{D2A1D299-C588-12E5-FD6B-BE879AB7175C}.Release|Any CPU.ActiveCfg = Release|Any CPU
		{D2A1D299-C588-12E5-FD6B-BE879AB7175C}.Release|Any CPU.Build.0 = Release|Any CPU
	EndGlobalSection
	GlobalSection(SolutionProperties) = preSolution
		HideSolutionNode = FALSE
	EndGlobalSection
	GlobalSection(NestedProjects) = preSolution
		{D2A1D299-C588-12E5-FD6B-BE879AB7175C} = {BB01CBA9-781C-8D49-BB2E-E616AA8ED32F}
	EndGlobalSection
	GlobalSection(ExtensibilityGlobals) = postSolution
		SolutionGuid = {A412E87F-B5AD-49F0-B4D1-17694AEFADE6}
	EndGlobalSection
EndGlobal
